// !$*UTF8*$!
{
	archiveVersion = 1;
	classes = {
	};
	objectVersion = 46;
	objects = {

/* Begin PBXBuildFile section */
		2F0A6B9691BE4A6994EEF317 /* libPods.a in Frameworks */ = {isa = PBXBuildFile; fileRef = 4982FAE02D2B46DEB259BB4C /* libPods.a */; };
		5A12DF9B194B7EC9006E942F /* DTTableViewCell.m in Sources */ = {isa = PBXBuildFile; fileRef = 5A12DF99194B7EC9006E942F /* DTTableViewCell.m */; };
		5A12DFAC194B8EB1006E942F /* DTGroupPictureView.m in Sources */ = {isa = PBXBuildFile; fileRef = 5A12DFAB194B8EB1006E942F /* DTGroupPictureView.m */; };
		5A1F7525197868E400AB580F /* DTSharesEditorVC.m in Sources */ = {isa = PBXBuildFile; fileRef = 5A1F7523197868E400AB580F /* DTSharesEditorVC.m */; };
		5A1F7526197868E400AB580F /* DTSharesEditorVC.xib in Resources */ = {isa = PBXBuildFile; fileRef = 5A1F7524197868E400AB580F /* DTSharesEditorVC.xib */; };
		5A1F752A1978691C00AB580F /* DTShareTypeVC.m in Sources */ = {isa = PBXBuildFile; fileRef = 5A1F75281978691C00AB580F /* DTShareTypeVC.m */; };
		5A1F752B1978691C00AB580F /* DTShareTypeVC.xib in Resources */ = {isa = PBXBuildFile; fileRef = 5A1F75291978691C00AB580F /* DTShareTypeVC.xib */; };
		5A1FE28819696F8A0097EAA2 /* DTInstallation.m in Sources */ = {isa = PBXBuildFile; fileRef = 5A1FE28719696F8A0097EAA2 /* DTInstallation.m */; };
		5A220E9A1941103100BDABCF /* Foundation.framework in Frameworks */ = {isa = PBXBuildFile; fileRef = 5A220E991941103100BDABCF /* Foundation.framework */; };
		5A220E9C1941103100BDABCF /* CoreGraphics.framework in Frameworks */ = {isa = PBXBuildFile; fileRef = 5A220E9B1941103100BDABCF /* CoreGraphics.framework */; };
		5A220E9E1941103100BDABCF /* UIKit.framework in Frameworks */ = {isa = PBXBuildFile; fileRef = 5A220E9D1941103100BDABCF /* UIKit.framework */; };
		5A220EA41941103100BDABCF /* InfoPlist.strings in Resources */ = {isa = PBXBuildFile; fileRef = 5A220EA21941103100BDABCF /* InfoPlist.strings */; };
		5A220EA61941103100BDABCF /* main.m in Sources */ = {isa = PBXBuildFile; fileRef = 5A220EA51941103100BDABCF /* main.m */; };
		5A220EAA1941103100BDABCF /* DTAppDelegate.m in Sources */ = {isa = PBXBuildFile; fileRef = 5A220EA91941103100BDABCF /* DTAppDelegate.m */; };
		5A220EB21941103100BDABCF /* Images.xcassets in Resources */ = {isa = PBXBuildFile; fileRef = 5A220EB11941103100BDABCF /* Images.xcassets */; };
		5A220EB91941103100BDABCF /* XCTest.framework in Frameworks */ = {isa = PBXBuildFile; fileRef = 5A220EB81941103100BDABCF /* XCTest.framework */; };
		5A220EBA1941103100BDABCF /* Foundation.framework in Frameworks */ = {isa = PBXBuildFile; fileRef = 5A220E991941103100BDABCF /* Foundation.framework */; };
		5A220EBB1941103100BDABCF /* UIKit.framework in Frameworks */ = {isa = PBXBuildFile; fileRef = 5A220E9D1941103100BDABCF /* UIKit.framework */; };
		5A220EC31941103100BDABCF /* InfoPlist.strings in Resources */ = {isa = PBXBuildFile; fileRef = 5A220EC11941103100BDABCF /* InfoPlist.strings */; };
		5A220EC51941103100BDABCF /* DebtyTests.m in Sources */ = {isa = PBXBuildFile; fileRef = 5A220EC41941103100BDABCF /* DebtyTests.m */; };
		5A220ED01941122A00BDABCF /* DTTabBarController.m in Sources */ = {isa = PBXBuildFile; fileRef = 5A220ECF1941122A00BDABCF /* DTTabBarController.m */; };
		5A220ED7194117A100BDABCF /* DTTestVC.m in Sources */ = {isa = PBXBuildFile; fileRef = 5A220ED5194117A100BDABCF /* DTTestVC.m */; };
		5A220ED8194117A100BDABCF /* DTTestVC.xib in Resources */ = {isa = PBXBuildFile; fileRef = 5A220ED6194117A100BDABCF /* DTTestVC.xib */; };
		5A220EE1194119AB00BDABCF /* DTNavigationController.m in Sources */ = {isa = PBXBuildFile; fileRef = 5A220EE0194119AB00BDABCF /* DTNavigationController.m */; };
		5A220EE919411E0C00BDABCF /* DTViewController.m in Sources */ = {isa = PBXBuildFile; fileRef = 5A220EE819411E0C00BDABCF /* DTViewController.m */; };
		5A220EF61941237C00BDABCF /* DTFacebookLoginVC.m in Sources */ = {isa = PBXBuildFile; fileRef = 5A220EF41941237C00BDABCF /* DTFacebookLoginVC.m */; };
		5A220EF71941237C00BDABCF /* DTFacebookLoginVC.xib in Resources */ = {isa = PBXBuildFile; fileRef = 5A220EF51941237C00BDABCF /* DTFacebookLoginVC.xib */; };
		5A220EFA1941245700BDABCF /* FacebookSDK.framework in Frameworks */ = {isa = PBXBuildFile; fileRef = 5A220EF91941245700BDABCF /* FacebookSDK.framework */; };
		5A2F5D551955EB0D00337637 /* DTAccount+Serializer.m in Sources */ = {isa = PBXBuildFile; fileRef = 5A2F5D541955EB0D00337637 /* DTAccount+Serializer.m */; };
		5A408432195382ED006146E5 /* DTBackendManager.m in Sources */ = {isa = PBXBuildFile; fileRef = 5A408431195382ED006146E5 /* DTBackendManager.m */; };
		5A40843619539962006146E5 /* DTCoreDataTableViewController.m in Sources */ = {isa = PBXBuildFile; fileRef = 5A40843519539962006146E5 /* DTCoreDataTableViewController.m */; };
		5A4E128419685F05002EEE82 /* DTFacebookManager.m in Sources */ = {isa = PBXBuildFile; fileRef = 5A4E128319685F05002EEE82 /* DTFacebookManager.m */; };
		5A63454E1975CA460059B065 /* DTShareCell.m in Sources */ = {isa = PBXBuildFile; fileRef = 5A63454D1975CA460059B065 /* DTShareCell.m */; };
		5A6345501975CA560059B065 /* DTShareCell.xib in Resources */ = {isa = PBXBuildFile; fileRef = 5A63454F1975CA560059B065 /* DTShareCell.xib */; };
		5A6A9E0C1972CC3900A2E204 /* DTExpenseNavigationViewController.m in Sources */ = {isa = PBXBuildFile; fileRef = 5A6A9E0B1972CC3900A2E204 /* DTExpenseNavigationViewController.m */; };
		5A6A9E111972F7DE00A2E204 /* DTExpenseEditorVC.m in Sources */ = {isa = PBXBuildFile; fileRef = 5A6A9E0F1972F7DE00A2E204 /* DTExpenseEditorVC.m */; };
		5A6A9E121972F7DE00A2E204 /* DTExpenseEditorVC.xib in Resources */ = {isa = PBXBuildFile; fileRef = 5A6A9E101972F7DE00A2E204 /* DTExpenseEditorVC.xib */; };
		5A6A9E1A1973262A00A2E204 /* DTCollectionViewCell.m in Sources */ = {isa = PBXBuildFile; fileRef = 5A6A9E191973262A00A2E204 /* DTCollectionViewCell.m */; };
		5A6A9E25197331D100A2E204 /* DTWhoPayedPickerVC.m in Sources */ = {isa = PBXBuildFile; fileRef = 5A6A9E23197331D100A2E204 /* DTWhoPayedPickerVC.m */; };
		5A6A9E26197331D100A2E204 /* DTWhoPayedPickerVC.xib in Resources */ = {isa = PBXBuildFile; fileRef = 5A6A9E24197331D100A2E204 /* DTWhoPayedPickerVC.xib */; };
		5A8570B61955EDC600A517BD /* DTExpense+Serializer.m in Sources */ = {isa = PBXBuildFile; fileRef = 5A8570B51955EDC600A517BD /* DTExpense+Serializer.m */; };
		5A8570BC1955F33600A517BD /* DTShare+Serializer.m in Sources */ = {isa = PBXBuildFile; fileRef = 5A8570BB1955F33600A517BD /* DTShare+Serializer.m */; };
		5A8714C5194E0C7900D2111F /* DTModelManager.m in Sources */ = {isa = PBXBuildFile; fileRef = 5A8714C4194E0C7900D2111F /* DTModelManager.m */; };
		5A8714C7194E0CA800D2111F /* CoreData.framework in Frameworks */ = {isa = PBXBuildFile; fileRef = 5A8714C6194E0CA800D2111F /* CoreData.framework */; };
		5A8714CB194E0EA800D2111F /* DTURLConnection.m in Sources */ = {isa = PBXBuildFile; fileRef = 5A8714CA194E0EA800D2111F /* DTURLConnection.m */; };
		5A975D75194C48B800566A2A /* DTNewAccountNavigationController.m in Sources */ = {isa = PBXBuildFile; fileRef = 5A975D74194C48B800566A2A /* DTNewAccountNavigationController.m */; };
		5A975D9F194DCF4200566A2A /* DTCreateAccountVC.m in Sources */ = {isa = PBXBuildFile; fileRef = 5A975D9D194DCF4200566A2A /* DTCreateAccountVC.m */; };
		5A975DA0194DCF4200566A2A /* DTCreateAccountVC.xib in Resources */ = {isa = PBXBuildFile; fileRef = 5A975D9E194DCF4200566A2A /* DTCreateAccountVC.xib */; };
		5A975DA4194DD0B600566A2A /* DTPerson+Serializer.m in Sources */ = {isa = PBXBuildFile; fileRef = 5A975DA3194DD0B600566A2A /* DTPerson+Serializer.m */; };
		5AA10C0319780BAC00AB995C /* DTExpenseEditorNavigationController.m in Sources */ = {isa = PBXBuildFile; fileRef = 5AA10C0219780BAC00AB995C /* DTExpenseEditorNavigationController.m */; };
		5AA5E3E2196F3AAE0015A6B2 /* debty.xcdatamodeld in Sources */ = {isa = PBXBuildFile; fileRef = 5AA5E3D8196F3AAE0015A6B2 /* debty.xcdatamodeld */; };
		5AD826FC197015D000445E3E /* DTAccount+Helpers.m in Sources */ = {isa = PBXBuildFile; fileRef = 5AD826FB197015D000445E3E /* DTAccount+Helpers.m */; };
		5AD8270219717EA300445E3E /* DTPerson+Helpers.m in Sources */ = {isa = PBXBuildFile; fileRef = 5AD8270119717EA300445E3E /* DTPerson+Helpers.m */; };
		5AD827061972BF2600445E3E /* DTAccountVC.m in Sources */ = {isa = PBXBuildFile; fileRef = 5AD827041972BF2600445E3E /* DTAccountVC.m */; };
		5AD827071972BF2600445E3E /* DTAccountVC.xib in Resources */ = {isa = PBXBuildFile; fileRef = 5AD827051972BF2600445E3E /* DTAccountVC.xib */; };
		5AD8270E1972C2CF00445E3E /* DTExpenseTableViewCell.m in Sources */ = {isa = PBXBuildFile; fileRef = 5AD8270D1972C2CF00445E3E /* DTExpenseTableViewCell.m */; };
		5AD827111972C2EC00445E3E /* DTExpenseTableViewCell.xib in Resources */ = {isa = PBXBuildFile; fileRef = 5AD827101972C2EC00445E3E /* DTExpenseTableViewCell.xib */; };
		5AD827161972C30200445E3E /* DTAccountsTableVC.m in Sources */ = {isa = PBXBuildFile; fileRef = 5AD827141972C30200445E3E /* DTAccountsTableVC.m */; };
		5AD827171972C30200445E3E /* DTAccountsTableVC.xib in Resources */ = {isa = PBXBuildFile; fileRef = 5AD827151972C30200445E3E /* DTAccountsTableVC.xib */; };
		5AD8271C1972C31100445E3E /* DTFriendsPickerVC.m in Sources */ = {isa = PBXBuildFile; fileRef = 5AD8271A1972C31100445E3E /* DTFriendsPickerVC.m */; };
		5AD8271D1972C31100445E3E /* DTFriendsPickerVC.xib in Resources */ = {isa = PBXBuildFile; fileRef = 5AD8271B1972C31100445E3E /* DTFriendsPickerVC.xib */; };
		5AD827221972C32300445E3E /* DTAccountTableViewCell.m in Sources */ = {isa = PBXBuildFile; fileRef = 5AD827201972C32300445E3E /* DTAccountTableViewCell.m */; };
		5AD827231972C32300445E3E /* DTAccountTableViewCell.xib in Resources */ = {isa = PBXBuildFile; fileRef = 5AD827211972C32300445E3E /* DTAccountTableViewCell.xib */; };
		5AD827261972C67100445E3E /* DTExpense+Helpers.m in Sources */ = {isa = PBXBuildFile; fileRef = 5AD827251972C67100445E3E /* DTExpense+Helpers.m */; };
		5AD827291972C68500445E3E /* DTShare+Helpers.m in Sources */ = {isa = PBXBuildFile; fileRef = 5AD827281972C68500445E3E /* DTShare+Helpers.m */; };
		5AFCD2E919E5CB960085EF11 /* DTExpenseDetailsVC.m in Sources */ = {isa = PBXBuildFile; fileRef = 5AFCD2E719E5CB960085EF11 /* DTExpenseDetailsVC.m */; };
		5AFCD2F919E5D7A90085EF11 /* DTExpenseDetailsVC.xib in Resources */ = {isa = PBXBuildFile; fileRef = 5AFCD2F819E5D7A90085EF11 /* DTExpenseDetailsVC.xib */; };
		5AFCD2FD19E69FB20085EF11 /* DTExpenseCache.m in Sources */ = {isa = PBXBuildFile; fileRef = 5AFCD2FC19E69FB20085EF11 /* DTExpenseCache.m */; };
		5AFCD30019E6D2720085EF11 /* DTOperationManager.m in Sources */ = {isa = PBXBuildFile; fileRef = 5AFCD2FF19E6D2720085EF11 /* DTOperationManager.m */; };
		5AFCD30319E6F4CC0085EF11 /* DTShare.m in Sources */ = {isa = PBXBuildFile; fileRef = 5AFCD30219E6F4CC0085EF11 /* DTShare.m */; };
		5AFCD30619E6F4CC0085EF11 /* DTAccount.m in Sources */ = {isa = PBXBuildFile; fileRef = 5AFCD30519E6F4CC0085EF11 /* DTAccount.m */; };
		5AFCD30919E6F4CC0085EF11 /* DTExpense.m in Sources */ = {isa = PBXBuildFile; fileRef = 5AFCD30819E6F4CC0085EF11 /* DTExpense.m */; };
		5AFCD30C19E6F4CC0085EF11 /* DTPerson.m in Sources */ = {isa = PBXBuildFile; fileRef = 5AFCD30B19E6F4CC0085EF11 /* DTPerson.m */; };
/* End PBXBuildFile section */

/* Begin PBXContainerItemProxy section */
		5A220EBC1941103100BDABCF /* PBXContainerItemProxy */ = {
			isa = PBXContainerItemProxy;
			containerPortal = 5A220E8E1941103100BDABCF /* Project object */;
			proxyType = 1;
			remoteGlobalIDString = 5A220E951941103100BDABCF;
			remoteInfo = Debty;
		};
/* End PBXContainerItemProxy section */

/* Begin PBXFileReference section */
		3C974BA7076740C7A8C15FAB /* Pods.xcconfig */ = {isa = PBXFileReference; includeInIndex = 1; lastKnownFileType = text.xcconfig; name = Pods.xcconfig; path = Pods/Pods.xcconfig; sourceTree = "<group>"; };
		4982FAE02D2B46DEB259BB4C /* libPods.a */ = {isa = PBXFileReference; explicitFileType = archive.ar; includeInIndex = 0; path = libPods.a; sourceTree = BUILT_PRODUCTS_DIR; };
		5A12DF98194B7EC9006E942F /* DTTableViewCell.h */ = {isa = PBXFileReference; fileEncoding = 4; lastKnownFileType = sourcecode.c.h; name = DTTableViewCell.h; path = Views/TableViewCells/DTTableViewCell.h; sourceTree = "<group>"; };
		5A12DF99194B7EC9006E942F /* DTTableViewCell.m */ = {isa = PBXFileReference; fileEncoding = 4; lastKnownFileType = sourcecode.c.objc; name = DTTableViewCell.m; path = Views/TableViewCells/DTTableViewCell.m; sourceTree = "<group>"; };
		5A12DFAA194B8EB1006E942F /* DTGroupPictureView.h */ = {isa = PBXFileReference; fileEncoding = 4; lastKnownFileType = sourcecode.c.h; path = DTGroupPictureView.h; sourceTree = "<group>"; };
		5A12DFAB194B8EB1006E942F /* DTGroupPictureView.m */ = {isa = PBXFileReference; fileEncoding = 4; lastKnownFileType = sourcecode.c.objc; path = DTGroupPictureView.m; sourceTree = "<group>"; };
		5A1F7522197868E400AB580F /* DTSharesEditorVC.h */ = {isa = PBXFileReference; fileEncoding = 4; lastKnownFileType = sourcecode.c.h; path = DTSharesEditorVC.h; sourceTree = "<group>"; };
		5A1F7523197868E400AB580F /* DTSharesEditorVC.m */ = {isa = PBXFileReference; fileEncoding = 4; lastKnownFileType = sourcecode.c.objc; path = DTSharesEditorVC.m; sourceTree = "<group>"; };
		5A1F7524197868E400AB580F /* DTSharesEditorVC.xib */ = {isa = PBXFileReference; fileEncoding = 4; lastKnownFileType = file.xib; path = DTSharesEditorVC.xib; sourceTree = "<group>"; };
		5A1F75271978691C00AB580F /* DTShareTypeVC.h */ = {isa = PBXFileReference; fileEncoding = 4; lastKnownFileType = sourcecode.c.h; name = DTShareTypeVC.h; path = Controlers/DTViewController/DTShareTypeVC/DTShareTypeVC.h; sourceTree = "<group>"; };
		5A1F75281978691C00AB580F /* DTShareTypeVC.m */ = {isa = PBXFileReference; fileEncoding = 4; lastKnownFileType = sourcecode.c.objc; name = DTShareTypeVC.m; path = Controlers/DTViewController/DTShareTypeVC/DTShareTypeVC.m; sourceTree = "<group>"; };
		5A1F75291978691C00AB580F /* DTShareTypeVC.xib */ = {isa = PBXFileReference; fileEncoding = 4; lastKnownFileType = file.xib; name = DTShareTypeVC.xib; path = Controlers/DTViewController/DTShareTypeVC/DTShareTypeVC.xib; sourceTree = "<group>"; };
		5A1FE28619696F8A0097EAA2 /* DTInstallation.h */ = {isa = PBXFileReference; fileEncoding = 4; lastKnownFileType = sourcecode.c.h; name = DTInstallation.h; path = Model/DTInstallation.h; sourceTree = "<group>"; };
		5A1FE28719696F8A0097EAA2 /* DTInstallation.m */ = {isa = PBXFileReference; fileEncoding = 4; lastKnownFileType = sourcecode.c.objc; name = DTInstallation.m; path = Model/DTInstallation.m; sourceTree = "<group>"; };
		5A220E961941103100BDABCF /* Debty.app */ = {isa = PBXFileReference; explicitFileType = wrapper.application; includeInIndex = 0; path = Debty.app; sourceTree = BUILT_PRODUCTS_DIR; };
		5A220E991941103100BDABCF /* Foundation.framework */ = {isa = PBXFileReference; lastKnownFileType = wrapper.framework; name = Foundation.framework; path = System/Library/Frameworks/Foundation.framework; sourceTree = SDKROOT; };
		5A220E9B1941103100BDABCF /* CoreGraphics.framework */ = {isa = PBXFileReference; lastKnownFileType = wrapper.framework; name = CoreGraphics.framework; path = System/Library/Frameworks/CoreGraphics.framework; sourceTree = SDKROOT; };
		5A220E9D1941103100BDABCF /* UIKit.framework */ = {isa = PBXFileReference; lastKnownFileType = wrapper.framework; name = UIKit.framework; path = System/Library/Frameworks/UIKit.framework; sourceTree = SDKROOT; };
		5A220EA11941103100BDABCF /* Debty-Info.plist */ = {isa = PBXFileReference; lastKnownFileType = text.plist.xml; path = "Debty-Info.plist"; sourceTree = "<group>"; };
		5A220EA31941103100BDABCF /* en */ = {isa = PBXFileReference; lastKnownFileType = text.plist.strings; name = en; path = en.lproj/InfoPlist.strings; sourceTree = "<group>"; };
		5A220EA51941103100BDABCF /* main.m */ = {isa = PBXFileReference; lastKnownFileType = sourcecode.c.objc; path = main.m; sourceTree = "<group>"; };
		5A220EA71941103100BDABCF /* Debty-Prefix.pch */ = {isa = PBXFileReference; lastKnownFileType = sourcecode.c.h; path = "Debty-Prefix.pch"; sourceTree = "<group>"; };
		5A220EA81941103100BDABCF /* DTAppDelegate.h */ = {isa = PBXFileReference; lastKnownFileType = sourcecode.c.h; path = DTAppDelegate.h; sourceTree = "<group>"; };
		5A220EA91941103100BDABCF /* DTAppDelegate.m */ = {isa = PBXFileReference; lastKnownFileType = sourcecode.c.objc; path = DTAppDelegate.m; sourceTree = "<group>"; };
		5A220EB11941103100BDABCF /* Images.xcassets */ = {isa = PBXFileReference; lastKnownFileType = folder.assetcatalog; path = Images.xcassets; sourceTree = "<group>"; };
		5A220EB71941103100BDABCF /* DebtyTests.xctest */ = {isa = PBXFileReference; explicitFileType = wrapper.cfbundle; includeInIndex = 0; path = DebtyTests.xctest; sourceTree = BUILT_PRODUCTS_DIR; };
		5A220EB81941103100BDABCF /* XCTest.framework */ = {isa = PBXFileReference; lastKnownFileType = wrapper.framework; name = XCTest.framework; path = Library/Frameworks/XCTest.framework; sourceTree = DEVELOPER_DIR; };
		5A220EC01941103100BDABCF /* DebtyTests-Info.plist */ = {isa = PBXFileReference; lastKnownFileType = text.plist.xml; path = "DebtyTests-Info.plist"; sourceTree = "<group>"; };
		5A220EC21941103100BDABCF /* en */ = {isa = PBXFileReference; lastKnownFileType = text.plist.strings; name = en; path = en.lproj/InfoPlist.strings; sourceTree = "<group>"; };
		5A220EC41941103100BDABCF /* DebtyTests.m */ = {isa = PBXFileReference; lastKnownFileType = sourcecode.c.objc; path = DebtyTests.m; sourceTree = "<group>"; };
		5A220ECE1941122A00BDABCF /* DTTabBarController.h */ = {isa = PBXFileReference; fileEncoding = 4; lastKnownFileType = sourcecode.c.h; name = DTTabBarController.h; path = Controlers/DTTabBarController/DTTabBarController.h; sourceTree = "<group>"; };
		5A220ECF1941122A00BDABCF /* DTTabBarController.m */ = {isa = PBXFileReference; fileEncoding = 4; lastKnownFileType = sourcecode.c.objc; name = DTTabBarController.m; path = Controlers/DTTabBarController/DTTabBarController.m; sourceTree = "<group>"; };
		5A220ED4194117A100BDABCF /* DTTestVC.h */ = {isa = PBXFileReference; fileEncoding = 4; lastKnownFileType = sourcecode.c.h; name = DTTestVC.h; path = Controlers/DTTestVC/DTTestVC.h; sourceTree = "<group>"; };
		5A220ED5194117A100BDABCF /* DTTestVC.m */ = {isa = PBXFileReference; fileEncoding = 4; lastKnownFileType = sourcecode.c.objc; name = DTTestVC.m; path = Controlers/DTTestVC/DTTestVC.m; sourceTree = "<group>"; };
		5A220ED6194117A100BDABCF /* DTTestVC.xib */ = {isa = PBXFileReference; fileEncoding = 4; lastKnownFileType = file.xib; name = DTTestVC.xib; path = Controlers/DTTestVC/DTTestVC.xib; sourceTree = "<group>"; };
		5A220EDF194119AB00BDABCF /* DTNavigationController.h */ = {isa = PBXFileReference; fileEncoding = 4; lastKnownFileType = sourcecode.c.h; name = DTNavigationController.h; path = Debty/Controlers/DTNavigationController/DTNavigationController.h; sourceTree = "<group>"; };
		5A220EE0194119AB00BDABCF /* DTNavigationController.m */ = {isa = PBXFileReference; fileEncoding = 4; lastKnownFileType = sourcecode.c.objc; name = DTNavigationController.m; path = Debty/Controlers/DTNavigationController/DTNavigationController.m; sourceTree = "<group>"; };
		5A220EE719411E0C00BDABCF /* DTViewController.h */ = {isa = PBXFileReference; fileEncoding = 4; lastKnownFileType = sourcecode.c.h; name = DTViewController.h; path = Controlers/DTViewController/DTViewController.h; sourceTree = "<group>"; };
		5A220EE819411E0C00BDABCF /* DTViewController.m */ = {isa = PBXFileReference; fileEncoding = 4; lastKnownFileType = sourcecode.c.objc; name = DTViewController.m; path = Controlers/DTViewController/DTViewController.m; sourceTree = "<group>"; };
		5A220EF31941237C00BDABCF /* DTFacebookLoginVC.h */ = {isa = PBXFileReference; fileEncoding = 4; lastKnownFileType = sourcecode.c.h; name = DTFacebookLoginVC.h; path = Controlers/DTFacebookLoginVC/DTFacebookLoginVC.h; sourceTree = "<group>"; };
		5A220EF41941237C00BDABCF /* DTFacebookLoginVC.m */ = {isa = PBXFileReference; fileEncoding = 4; lastKnownFileType = sourcecode.c.objc; name = DTFacebookLoginVC.m; path = Controlers/DTFacebookLoginVC/DTFacebookLoginVC.m; sourceTree = "<group>"; };
		5A220EF51941237C00BDABCF /* DTFacebookLoginVC.xib */ = {isa = PBXFileReference; fileEncoding = 4; lastKnownFileType = file.xib; name = DTFacebookLoginVC.xib; path = Controlers/DTFacebookLoginVC/DTFacebookLoginVC.xib; sourceTree = "<group>"; };
		5A220EF91941245700BDABCF /* FacebookSDK.framework */ = {isa = PBXFileReference; lastKnownFileType = wrapper.framework; name = FacebookSDK.framework; path = ../../../../FacebookSDK/FacebookSDK.framework; sourceTree = "<group>"; };
		5A2F5D531955EB0D00337637 /* DTAccount+Serializer.h */ = {isa = PBXFileReference; fileEncoding = 4; lastKnownFileType = sourcecode.c.h; name = "DTAccount+Serializer.h"; path = "Model/DTAccount+Serializer.h"; sourceTree = "<group>"; };
		5A2F5D541955EB0D00337637 /* DTAccount+Serializer.m */ = {isa = PBXFileReference; fileEncoding = 4; lastKnownFileType = sourcecode.c.objc; name = "DTAccount+Serializer.m"; path = "Model/DTAccount+Serializer.m"; sourceTree = "<group>"; };
		5A408430195382ED006146E5 /* DTBackendManager.h */ = {isa = PBXFileReference; fileEncoding = 4; lastKnownFileType = sourcecode.c.h; path = DTBackendManager.h; sourceTree = "<group>"; };
		5A408431195382ED006146E5 /* DTBackendManager.m */ = {isa = PBXFileReference; fileEncoding = 4; lastKnownFileType = sourcecode.c.objc; path = DTBackendManager.m; sourceTree = "<group>"; };
		5A40843419539962006146E5 /* DTCoreDataTableViewController.h */ = {isa = PBXFileReference; fileEncoding = 4; lastKnownFileType = sourcecode.c.h; path = DTCoreDataTableViewController.h; sourceTree = "<group>"; };
		5A40843519539962006146E5 /* DTCoreDataTableViewController.m */ = {isa = PBXFileReference; fileEncoding = 4; lastKnownFileType = sourcecode.c.objc; path = DTCoreDataTableViewController.m; sourceTree = "<group>"; };
		5A4E128219685F05002EEE82 /* DTFacebookManager.h */ = {isa = PBXFileReference; fileEncoding = 4; lastKnownFileType = sourcecode.c.h; path = DTFacebookManager.h; sourceTree = "<group>"; };
		5A4E128319685F05002EEE82 /* DTFacebookManager.m */ = {isa = PBXFileReference; fileEncoding = 4; lastKnownFileType = sourcecode.c.objc; path = DTFacebookManager.m; sourceTree = "<group>"; };
		5A63454C1975CA460059B065 /* DTShareCell.h */ = {isa = PBXFileReference; fileEncoding = 4; lastKnownFileType = sourcecode.c.h; name = DTShareCell.h; path = Views/TableViewCells/DTShareCell/DTShareCell.h; sourceTree = "<group>"; };
		5A63454D1975CA460059B065 /* DTShareCell.m */ = {isa = PBXFileReference; fileEncoding = 4; lastKnownFileType = sourcecode.c.objc; name = DTShareCell.m; path = Views/TableViewCells/DTShareCell/DTShareCell.m; sourceTree = "<group>"; };
		5A63454F1975CA560059B065 /* DTShareCell.xib */ = {isa = PBXFileReference; fileEncoding = 4; lastKnownFileType = file.xib; name = DTShareCell.xib; path = Views/TableViewCells/DTShareCell/DTShareCell.xib; sourceTree = "<group>"; };
		5A6A9E0A1972CC3900A2E204 /* DTExpenseNavigationViewController.h */ = {isa = PBXFileReference; fileEncoding = 4; lastKnownFileType = sourcecode.c.h; name = DTExpenseNavigationViewController.h; path = Debty/Controlers/DTNavigationController/DTExpenseNavigationController/DTExpenseNavigationViewController.h; sourceTree = "<group>"; };
		5A6A9E0B1972CC3900A2E204 /* DTExpenseNavigationViewController.m */ = {isa = PBXFileReference; fileEncoding = 4; lastKnownFileType = sourcecode.c.objc; name = DTExpenseNavigationViewController.m; path = Debty/Controlers/DTNavigationController/DTExpenseNavigationController/DTExpenseNavigationViewController.m; sourceTree = "<group>"; };
		5A6A9E0E1972F7DE00A2E204 /* DTExpenseEditorVC.h */ = {isa = PBXFileReference; fileEncoding = 4; lastKnownFileType = sourcecode.c.h; name = DTExpenseEditorVC.h; path = Controlers/DTViewController/DTCreateExpenseVC/DTExpenseEditorVC.h; sourceTree = "<group>"; };
		5A6A9E0F1972F7DE00A2E204 /* DTExpenseEditorVC.m */ = {isa = PBXFileReference; fileEncoding = 4; lastKnownFileType = sourcecode.c.objc; name = DTExpenseEditorVC.m; path = Controlers/DTViewController/DTCreateExpenseVC/DTExpenseEditorVC.m; sourceTree = "<group>"; };
		5A6A9E101972F7DE00A2E204 /* DTExpenseEditorVC.xib */ = {isa = PBXFileReference; fileEncoding = 4; lastKnownFileType = file.xib; name = DTExpenseEditorVC.xib; path = Controlers/DTViewController/DTCreateExpenseVC/DTExpenseEditorVC.xib; sourceTree = "<group>"; };
		5A6A9E181973262A00A2E204 /* DTCollectionViewCell.h */ = {isa = PBXFileReference; fileEncoding = 4; lastKnownFileType = sourcecode.c.h; name = DTCollectionViewCell.h; path = Views/DTCollectionViewCell/DTCollectionViewCell.h; sourceTree = "<group>"; };
		5A6A9E191973262A00A2E204 /* DTCollectionViewCell.m */ = {isa = PBXFileReference; fileEncoding = 4; lastKnownFileType = sourcecode.c.objc; name = DTCollectionViewCell.m; path = Views/DTCollectionViewCell/DTCollectionViewCell.m; sourceTree = "<group>"; };
		5A6A9E22197331D100A2E204 /* DTWhoPayedPickerVC.h */ = {isa = PBXFileReference; fileEncoding = 4; lastKnownFileType = sourcecode.c.h; name = DTWhoPayedPickerVC.h; path = DTWhoPayedPickerVC/DTWhoPayedPickerVC.h; sourceTree = "<group>"; };
		5A6A9E23197331D100A2E204 /* DTWhoPayedPickerVC.m */ = {isa = PBXFileReference; fileEncoding = 4; lastKnownFileType = sourcecode.c.objc; name = DTWhoPayedPickerVC.m; path = DTWhoPayedPickerVC/DTWhoPayedPickerVC.m; sourceTree = "<group>"; };
		5A6A9E24197331D100A2E204 /* DTWhoPayedPickerVC.xib */ = {isa = PBXFileReference; fileEncoding = 4; lastKnownFileType = file.xib; name = DTWhoPayedPickerVC.xib; path = DTWhoPayedPickerVC/DTWhoPayedPickerVC.xib; sourceTree = "<group>"; };
		5A8570B41955EDC600A517BD /* DTExpense+Serializer.h */ = {isa = PBXFileReference; fileEncoding = 4; lastKnownFileType = sourcecode.c.h; name = "DTExpense+Serializer.h"; path = "Model/DTExpense+Serializer.h"; sourceTree = "<group>"; };
		5A8570B51955EDC600A517BD /* DTExpense+Serializer.m */ = {isa = PBXFileReference; fileEncoding = 4; lastKnownFileType = sourcecode.c.objc; name = "DTExpense+Serializer.m"; path = "Model/DTExpense+Serializer.m"; sourceTree = "<group>"; };
		5A8570BA1955F33600A517BD /* DTShare+Serializer.h */ = {isa = PBXFileReference; fileEncoding = 4; lastKnownFileType = sourcecode.c.h; name = "DTShare+Serializer.h"; path = "Model/DTShare+Serializer.h"; sourceTree = "<group>"; };
		5A8570BB1955F33600A517BD /* DTShare+Serializer.m */ = {isa = PBXFileReference; fileEncoding = 4; lastKnownFileType = sourcecode.c.objc; name = "DTShare+Serializer.m"; path = "Model/DTShare+Serializer.m"; sourceTree = "<group>"; };
		5A8714C3194E0C7900D2111F /* DTModelManager.h */ = {isa = PBXFileReference; fileEncoding = 4; lastKnownFileType = sourcecode.c.h; name = DTModelManager.h; path = Model/DTModelManager.h; sourceTree = "<group>"; };
		5A8714C4194E0C7900D2111F /* DTModelManager.m */ = {isa = PBXFileReference; fileEncoding = 4; lastKnownFileType = sourcecode.c.objc; name = DTModelManager.m; path = Model/DTModelManager.m; sourceTree = "<group>"; };
		5A8714C6194E0CA800D2111F /* CoreData.framework */ = {isa = PBXFileReference; lastKnownFileType = wrapper.framework; name = CoreData.framework; path = System/Library/Frameworks/CoreData.framework; sourceTree = SDKROOT; };
		5A8714C9194E0EA800D2111F /* DTURLConnection.h */ = {isa = PBXFileReference; fileEncoding = 4; lastKnownFileType = sourcecode.c.h; path = DTURLConnection.h; sourceTree = "<group>"; };
		5A8714CA194E0EA800D2111F /* DTURLConnection.m */ = {isa = PBXFileReference; fileEncoding = 4; lastKnownFileType = sourcecode.c.objc; path = DTURLConnection.m; sourceTree = "<group>"; };
		5A975D73194C48B800566A2A /* DTNewAccountNavigationController.h */ = {isa = PBXFileReference; fileEncoding = 4; lastKnownFileType = sourcecode.c.h; name = DTNewAccountNavigationController.h; path = Debty/Controlers/DTNavigationController/DTNewAccountNavigationController/DTNewAccountNavigationController.h; sourceTree = "<group>"; };
		5A975D74194C48B800566A2A /* DTNewAccountNavigationController.m */ = {isa = PBXFileReference; fileEncoding = 4; lastKnownFileType = sourcecode.c.objc; name = DTNewAccountNavigationController.m; path = Debty/Controlers/DTNavigationController/DTNewAccountNavigationController/DTNewAccountNavigationController.m; sourceTree = "<group>"; };
		5A975D9C194DCF4200566A2A /* DTCreateAccountVC.h */ = {isa = PBXFileReference; fileEncoding = 4; lastKnownFileType = sourcecode.c.h; name = DTCreateAccountVC.h; path = Controlers/DTViewController/DTCreateAccountVC/DTCreateAccountVC.h; sourceTree = "<group>"; };
		5A975D9D194DCF4200566A2A /* DTCreateAccountVC.m */ = {isa = PBXFileReference; fileEncoding = 4; lastKnownFileType = sourcecode.c.objc; name = DTCreateAccountVC.m; path = Controlers/DTViewController/DTCreateAccountVC/DTCreateAccountVC.m; sourceTree = "<group>"; };
		5A975D9E194DCF4200566A2A /* DTCreateAccountVC.xib */ = {isa = PBXFileReference; fileEncoding = 4; lastKnownFileType = file.xib; name = DTCreateAccountVC.xib; path = Controlers/DTViewController/DTCreateAccountVC/DTCreateAccountVC.xib; sourceTree = "<group>"; };
		5A975DA2194DD0B600566A2A /* DTPerson+Serializer.h */ = {isa = PBXFileReference; fileEncoding = 4; lastKnownFileType = sourcecode.c.h; name = "DTPerson+Serializer.h"; path = "Model/DTPerson+Serializer.h"; sourceTree = "<group>"; };
		5A975DA3194DD0B600566A2A /* DTPerson+Serializer.m */ = {isa = PBXFileReference; fileEncoding = 4; lastKnownFileType = sourcecode.c.objc; name = "DTPerson+Serializer.m"; path = "Model/DTPerson+Serializer.m"; sourceTree = "<group>"; };
		5AA10C0119780BAC00AB995C /* DTExpenseEditorNavigationController.h */ = {isa = PBXFileReference; fileEncoding = 4; lastKnownFileType = sourcecode.c.h; path = DTExpenseEditorNavigationController.h; sourceTree = "<group>"; };
		5AA10C0219780BAC00AB995C /* DTExpenseEditorNavigationController.m */ = {isa = PBXFileReference; fileEncoding = 4; lastKnownFileType = sourcecode.c.objc; path = DTExpenseEditorNavigationController.m; sourceTree = "<group>"; };
		5AA5E3D9196F3AAE0015A6B2 /* debty.xcdatamodel */ = {isa = PBXFileReference; lastKnownFileType = wrapper.xcdatamodel; path = debty.xcdatamodel; sourceTree = "<group>"; };
		5AD826FA197015D000445E3E /* DTAccount+Helpers.h */ = {isa = PBXFileReference; fileEncoding = 4; lastKnownFileType = sourcecode.c.h; name = "DTAccount+Helpers.h"; path = "Model/DTAccount+Helpers.h"; sourceTree = "<group>"; };
		5AD826FB197015D000445E3E /* DTAccount+Helpers.m */ = {isa = PBXFileReference; fileEncoding = 4; lastKnownFileType = sourcecode.c.objc; name = "DTAccount+Helpers.m"; path = "Model/DTAccount+Helpers.m"; sourceTree = "<group>"; };
		5AD8270019717EA300445E3E /* DTPerson+Helpers.h */ = {isa = PBXFileReference; fileEncoding = 4; lastKnownFileType = sourcecode.c.h; name = "DTPerson+Helpers.h"; path = "Model/DTPerson+Helpers.h"; sourceTree = "<group>"; };
		5AD8270119717EA300445E3E /* DTPerson+Helpers.m */ = {isa = PBXFileReference; fileEncoding = 4; lastKnownFileType = sourcecode.c.objc; name = "DTPerson+Helpers.m"; path = "Model/DTPerson+Helpers.m"; sourceTree = "<group>"; };
		5AD827031972BF2600445E3E /* DTAccountVC.h */ = {isa = PBXFileReference; fileEncoding = 4; lastKnownFileType = sourcecode.c.h; name = DTAccountVC.h; path = DTAccountVC/DTAccountVC.h; sourceTree = "<group>"; };
		5AD827041972BF2600445E3E /* DTAccountVC.m */ = {isa = PBXFileReference; fileEncoding = 4; lastKnownFileType = sourcecode.c.objc; name = DTAccountVC.m; path = DTAccountVC/DTAccountVC.m; sourceTree = "<group>"; };
		5AD827051972BF2600445E3E /* DTAccountVC.xib */ = {isa = PBXFileReference; fileEncoding = 4; lastKnownFileType = file.xib; name = DTAccountVC.xib; path = DTAccountVC/DTAccountVC.xib; sourceTree = "<group>"; };
		5AD8270C1972C2CF00445E3E /* DTExpenseTableViewCell.h */ = {isa = PBXFileReference; fileEncoding = 4; lastKnownFileType = sourcecode.c.h; name = DTExpenseTableViewCell.h; path = Views/TableViewCells/DTExpenseTableViewCell/DTExpenseTableViewCell.h; sourceTree = "<group>"; };
		5AD8270D1972C2CF00445E3E /* DTExpenseTableViewCell.m */ = {isa = PBXFileReference; fileEncoding = 4; lastKnownFileType = sourcecode.c.objc; name = DTExpenseTableViewCell.m; path = Views/TableViewCells/DTExpenseTableViewCell/DTExpenseTableViewCell.m; sourceTree = "<group>"; };
		5AD827101972C2EC00445E3E /* DTExpenseTableViewCell.xib */ = {isa = PBXFileReference; fileEncoding = 4; lastKnownFileType = file.xib; name = DTExpenseTableViewCell.xib; path = Views/TableViewCells/DTExpenseTableViewCell/DTExpenseTableViewCell.xib; sourceTree = "<group>"; };
		5AD827131972C30200445E3E /* DTAccountsTableVC.h */ = {isa = PBXFileReference; fileEncoding = 4; lastKnownFileType = sourcecode.c.h; path = DTAccountsTableVC.h; sourceTree = "<group>"; };
		5AD827141972C30200445E3E /* DTAccountsTableVC.m */ = {isa = PBXFileReference; fileEncoding = 4; lastKnownFileType = sourcecode.c.objc; path = DTAccountsTableVC.m; sourceTree = "<group>"; };
		5AD827151972C30200445E3E /* DTAccountsTableVC.xib */ = {isa = PBXFileReference; fileEncoding = 4; lastKnownFileType = file.xib; path = DTAccountsTableVC.xib; sourceTree = "<group>"; };
		5AD827191972C31100445E3E /* DTFriendsPickerVC.h */ = {isa = PBXFileReference; fileEncoding = 4; lastKnownFileType = sourcecode.c.h; path = DTFriendsPickerVC.h; sourceTree = "<group>"; };
		5AD8271A1972C31100445E3E /* DTFriendsPickerVC.m */ = {isa = PBXFileReference; fileEncoding = 4; lastKnownFileType = sourcecode.c.objc; path = DTFriendsPickerVC.m; sourceTree = "<group>"; };
		5AD8271B1972C31100445E3E /* DTFriendsPickerVC.xib */ = {isa = PBXFileReference; fileEncoding = 4; lastKnownFileType = file.xib; path = DTFriendsPickerVC.xib; sourceTree = "<group>"; };
		5AD8271F1972C32300445E3E /* DTAccountTableViewCell.h */ = {isa = PBXFileReference; fileEncoding = 4; lastKnownFileType = sourcecode.c.h; path = DTAccountTableViewCell.h; sourceTree = "<group>"; };
		5AD827201972C32300445E3E /* DTAccountTableViewCell.m */ = {isa = PBXFileReference; fileEncoding = 4; lastKnownFileType = sourcecode.c.objc; path = DTAccountTableViewCell.m; sourceTree = "<group>"; };
		5AD827211972C32300445E3E /* DTAccountTableViewCell.xib */ = {isa = PBXFileReference; fileEncoding = 4; lastKnownFileType = file.xib; path = DTAccountTableViewCell.xib; sourceTree = "<group>"; };
		5AD827241972C67100445E3E /* DTExpense+Helpers.h */ = {isa = PBXFileReference; fileEncoding = 4; lastKnownFileType = sourcecode.c.h; name = "DTExpense+Helpers.h"; path = "Model/DTExpense+Helpers.h"; sourceTree = "<group>"; };
		5AD827251972C67100445E3E /* DTExpense+Helpers.m */ = {isa = PBXFileReference; fileEncoding = 4; lastKnownFileType = sourcecode.c.objc; name = "DTExpense+Helpers.m"; path = "Model/DTExpense+Helpers.m"; sourceTree = "<group>"; };
		5AD827271972C68500445E3E /* DTShare+Helpers.h */ = {isa = PBXFileReference; fileEncoding = 4; lastKnownFileType = sourcecode.c.h; name = "DTShare+Helpers.h"; path = "Model/DTShare+Helpers.h"; sourceTree = "<group>"; };
		5AD827281972C68500445E3E /* DTShare+Helpers.m */ = {isa = PBXFileReference; fileEncoding = 4; lastKnownFileType = sourcecode.c.objc; name = "DTShare+Helpers.m"; path = "Model/DTShare+Helpers.m"; sourceTree = "<group>"; };
		5AFCD2E619E5CB960085EF11 /* DTExpenseDetailsVC.h */ = {isa = PBXFileReference; fileEncoding = 4; lastKnownFileType = sourcecode.c.h; name = DTExpenseDetailsVC.h; path = DTExpenseDetailsVC/DTExpenseDetailsVC.h; sourceTree = "<group>"; };
		5AFCD2E719E5CB960085EF11 /* DTExpenseDetailsVC.m */ = {isa = PBXFileReference; fileEncoding = 4; lastKnownFileType = sourcecode.c.objc; name = DTExpenseDetailsVC.m; path = DTExpenseDetailsVC/DTExpenseDetailsVC.m; sourceTree = "<group>"; };
		5AFCD2F819E5D7A90085EF11 /* DTExpenseDetailsVC.xib */ = {isa = PBXFileReference; fileEncoding = 4; lastKnownFileType = file.xib; name = DTExpenseDetailsVC.xib; path = DTExpenseDetailsVC/DTExpenseDetailsVC.xib; sourceTree = "<group>"; };
		5AFCD2FB19E69FB20085EF11 /* DTExpenseCache.h */ = {isa = PBXFileReference; fileEncoding = 4; lastKnownFileType = sourcecode.c.h; name = DTExpenseCache.h; path = Model/DTExpenseCache.h; sourceTree = "<group>"; };
		5AFCD2FC19E69FB20085EF11 /* DTExpenseCache.m */ = {isa = PBXFileReference; fileEncoding = 4; lastKnownFileType = sourcecode.c.objc; name = DTExpenseCache.m; path = Model/DTExpenseCache.m; sourceTree = "<group>"; };
		5AFCD2FE19E6D2720085EF11 /* DTOperationManager.h */ = {isa = PBXFileReference; fileEncoding = 4; lastKnownFileType = sourcecode.c.h; name = DTOperationManager.h; path = Model/DTOperationManager.h; sourceTree = "<group>"; };
		5AFCD2FF19E6D2720085EF11 /* DTOperationManager.m */ = {isa = PBXFileReference; fileEncoding = 4; lastKnownFileType = sourcecode.c.objc; name = DTOperationManager.m; path = Model/DTOperationManager.m; sourceTree = "<group>"; };
		5AFCD30119E6F4CC0085EF11 /* DTShare.h */ = {isa = PBXFileReference; fileEncoding = 4; lastKnownFileType = sourcecode.c.h; path = DTShare.h; sourceTree = "<group>"; };
		5AFCD30219E6F4CC0085EF11 /* DTShare.m */ = {isa = PBXFileReference; fileEncoding = 4; lastKnownFileType = sourcecode.c.objc; path = DTShare.m; sourceTree = "<group>"; };
		5AFCD30419E6F4CC0085EF11 /* DTAccount.h */ = {isa = PBXFileReference; fileEncoding = 4; lastKnownFileType = sourcecode.c.h; path = DTAccount.h; sourceTree = "<group>"; };
		5AFCD30519E6F4CC0085EF11 /* DTAccount.m */ = {isa = PBXFileReference; fileEncoding = 4; lastKnownFileType = sourcecode.c.objc; path = DTAccount.m; sourceTree = "<group>"; };
		5AFCD30719E6F4CC0085EF11 /* DTExpense.h */ = {isa = PBXFileReference; fileEncoding = 4; lastKnownFileType = sourcecode.c.h; path = DTExpense.h; sourceTree = "<group>"; };
		5AFCD30819E6F4CC0085EF11 /* DTExpense.m */ = {isa = PBXFileReference; fileEncoding = 4; lastKnownFileType = sourcecode.c.objc; path = DTExpense.m; sourceTree = "<group>"; };
		5AFCD30A19E6F4CC0085EF11 /* DTPerson.h */ = {isa = PBXFileReference; fileEncoding = 4; lastKnownFileType = sourcecode.c.h; path = DTPerson.h; sourceTree = "<group>"; };
		5AFCD30B19E6F4CC0085EF11 /* DTPerson.m */ = {isa = PBXFileReference; fileEncoding = 4; lastKnownFileType = sourcecode.c.objc; path = DTPerson.m; sourceTree = "<group>"; };
/* End PBXFileReference section */

/* Begin PBXFrameworksBuildPhase section */
		5A220E931941103100BDABCF /* Frameworks */ = {
			isa = PBXFrameworksBuildPhase;
			buildActionMask = 2147483647;
			files = (
				5A8714C7194E0CA800D2111F /* CoreData.framework in Frameworks */,
				5A220E9C1941103100BDABCF /* CoreGraphics.framework in Frameworks */,
				5A220EFA1941245700BDABCF /* FacebookSDK.framework in Frameworks */,
				5A220E9E1941103100BDABCF /* UIKit.framework in Frameworks */,
				5A220E9A1941103100BDABCF /* Foundation.framework in Frameworks */,
				2F0A6B9691BE4A6994EEF317 /* libPods.a in Frameworks */,
			);
			runOnlyForDeploymentPostprocessing = 0;
		};
		5A220EB41941103100BDABCF /* Frameworks */ = {
			isa = PBXFrameworksBuildPhase;
			buildActionMask = 2147483647;
			files = (
				5A220EB91941103100BDABCF /* XCTest.framework in Frameworks */,
				5A220EBB1941103100BDABCF /* UIKit.framework in Frameworks */,
				5A220EBA1941103100BDABCF /* Foundation.framework in Frameworks */,
			);
			runOnlyForDeploymentPostprocessing = 0;
		};
/* End PBXFrameworksBuildPhase section */

/* Begin PBXGroup section */
		5A12DF96194B7E25006E942F /* Model */ = {
			isa = PBXGroup;
			children = (
				5AA5E3D7196F3AAE0015A6B2 /* Generated */,
				5A975DA2194DD0B600566A2A /* DTPerson+Serializer.h */,
				5A975DA3194DD0B600566A2A /* DTPerson+Serializer.m */,
				5AD8270019717EA300445E3E /* DTPerson+Helpers.h */,
				5AD8270119717EA300445E3E /* DTPerson+Helpers.m */,
				5A2F5D531955EB0D00337637 /* DTAccount+Serializer.h */,
				5A2F5D541955EB0D00337637 /* DTAccount+Serializer.m */,
				5AD826FA197015D000445E3E /* DTAccount+Helpers.h */,
				5AD826FB197015D000445E3E /* DTAccount+Helpers.m */,
				5A8570B41955EDC600A517BD /* DTExpense+Serializer.h */,
				5A8570B51955EDC600A517BD /* DTExpense+Serializer.m */,
				5AD827241972C67100445E3E /* DTExpense+Helpers.h */,
				5AD827251972C67100445E3E /* DTExpense+Helpers.m */,
				5AFCD2FB19E69FB20085EF11 /* DTExpenseCache.h */,
				5AFCD2FC19E69FB20085EF11 /* DTExpenseCache.m */,
				5A8570BA1955F33600A517BD /* DTShare+Serializer.h */,
				5A8570BB1955F33600A517BD /* DTShare+Serializer.m */,
				5AD827271972C68500445E3E /* DTShare+Helpers.h */,
				5AD827281972C68500445E3E /* DTShare+Helpers.m */,
				5A8714C3194E0C7900D2111F /* DTModelManager.h */,
				5A8714C4194E0C7900D2111F /* DTModelManager.m */,
				5A1FE28619696F8A0097EAA2 /* DTInstallation.h */,
				5A1FE28719696F8A0097EAA2 /* DTInstallation.m */,
				5AFCD2FE19E6D2720085EF11 /* DTOperationManager.h */,
				5AFCD2FF19E6D2720085EF11 /* DTOperationManager.m */,
			);
			name = Model;
			sourceTree = "<group>";
		};
		5A12DF9D194B7ECD006E942F /* TableViewCells */ = {
			isa = PBXGroup;
			children = (
				5A12DF98194B7EC9006E942F /* DTTableViewCell.h */,
				5A12DF99194B7EC9006E942F /* DTTableViewCell.m */,
				5A6345511975CA5D0059B065 /* DTShareCell */,
				5AD8270F1972C2D600445E3E /* DTExpenseTableViewCell */,
				5AD8271E1972C32300445E3E /* DTAccountTableViewCell */,
			);
			name = TableViewCells;
			sourceTree = "<group>";
		};
		5A12DF9E194B7EDA006E942F /* Views */ = {
			isa = PBXGroup;
			children = (
				5A12DFA9194B8EB1006E942F /* DTGroupPictureView */,
				5A6A9E1B197326B600A2E204 /* CollectionViewCells */,
				5A12DF9D194B7ECD006E942F /* TableViewCells */,
			);
			name = Views;
			sourceTree = "<group>";
		};
		5A12DFA9194B8EB1006E942F /* DTGroupPictureView */ = {
			isa = PBXGroup;
			children = (
				5A12DFAA194B8EB1006E942F /* DTGroupPictureView.h */,
				5A12DFAB194B8EB1006E942F /* DTGroupPictureView.m */,
			);
			name = DTGroupPictureView;
			path = Views/DTGroupPictureView;
			sourceTree = "<group>";
		};
		5A1F7521197868E400AB580F /* DTSharesEditorVC */ = {
			isa = PBXGroup;
			children = (
				5A1F7522197868E400AB580F /* DTSharesEditorVC.h */,
				5A1F7523197868E400AB580F /* DTSharesEditorVC.m */,
				5A1F7524197868E400AB580F /* DTSharesEditorVC.xib */,
			);
			path = DTSharesEditorVC;
			sourceTree = "<group>";
		};
		5A1F752C1978692000AB580F /* DTShareTypeVC */ = {
			isa = PBXGroup;
			children = (
				5A1F75271978691C00AB580F /* DTShareTypeVC.h */,
				5A1F75281978691C00AB580F /* DTShareTypeVC.m */,
				5A1F75291978691C00AB580F /* DTShareTypeVC.xib */,
			);
			name = DTShareTypeVC;
			sourceTree = "<group>";
		};
		5A220E8D1941103100BDABCF = {
			isa = PBXGroup;
			children = (
				5A220E9F1941103100BDABCF /* Debty */,
				5A220EBE1941103100BDABCF /* DebtyTests */,
				5A220E981941103100BDABCF /* Frameworks */,
				5A220E971941103100BDABCF /* Products */,
				3C974BA7076740C7A8C15FAB /* Pods.xcconfig */,
			);
			sourceTree = "<group>";
		};
		5A220E971941103100BDABCF /* Products */ = {
			isa = PBXGroup;
			children = (
				5A220E961941103100BDABCF /* Debty.app */,
				5A220EB71941103100BDABCF /* DebtyTests.xctest */,
			);
			name = Products;
			sourceTree = "<group>";
		};
		5A220E981941103100BDABCF /* Frameworks */ = {
			isa = PBXGroup;
			children = (
				5A8714C6194E0CA800D2111F /* CoreData.framework */,
				5A220EF91941245700BDABCF /* FacebookSDK.framework */,
				5A220E991941103100BDABCF /* Foundation.framework */,
				5A220E9B1941103100BDABCF /* CoreGraphics.framework */,
				5A220E9D1941103100BDABCF /* UIKit.framework */,
				5A220EB81941103100BDABCF /* XCTest.framework */,
				4982FAE02D2B46DEB259BB4C /* libPods.a */,
			);
			name = Frameworks;
			sourceTree = "<group>";
		};
		5A220E9F1941103100BDABCF /* Debty */ = {
			isa = PBXGroup;
			children = (
				5A220EA81941103100BDABCF /* DTAppDelegate.h */,
				5A220EA91941103100BDABCF /* DTAppDelegate.m */,
				5A8714C8194E0EA800D2111F /* API */,
				5A12DF96194B7E25006E942F /* Model */,
				5A12DF9E194B7EDA006E942F /* Views */,
				5A220EDA194117B200BDABCF /* Controllers */,
				5A220EB11941103100BDABCF /* Images.xcassets */,
				5A220EA01941103100BDABCF /* Supporting Files */,
			);
			path = Debty;
			sourceTree = "<group>";
		};
		5A220EA01941103100BDABCF /* Supporting Files */ = {
			isa = PBXGroup;
			children = (
				5A220EA11941103100BDABCF /* Debty-Info.plist */,
				5A220EA21941103100BDABCF /* InfoPlist.strings */,
				5A220EA51941103100BDABCF /* main.m */,
				5A220EA71941103100BDABCF /* Debty-Prefix.pch */,
			);
			name = "Supporting Files";
			sourceTree = "<group>";
		};
		5A220EBE1941103100BDABCF /* DebtyTests */ = {
			isa = PBXGroup;
			children = (
				5A220EC41941103100BDABCF /* DebtyTests.m */,
				5A220EBF1941103100BDABCF /* Supporting Files */,
			);
			path = DebtyTests;
			sourceTree = "<group>";
		};
		5A220EBF1941103100BDABCF /* Supporting Files */ = {
			isa = PBXGroup;
			children = (
				5A220EC01941103100BDABCF /* DebtyTests-Info.plist */,
				5A220EC11941103100BDABCF /* InfoPlist.strings */,
			);
			name = "Supporting Files";
			sourceTree = "<group>";
		};
		5A220ED11941123100BDABCF /* DTTabBarController */ = {
			isa = PBXGroup;
			children = (
				5A220ECE1941122A00BDABCF /* DTTabBarController.h */,
				5A220ECF1941122A00BDABCF /* DTTabBarController.m */,
			);
			name = DTTabBarController;
			sourceTree = "<group>";
		};
		5A220ED9194117AB00BDABCF /* DTTestVC */ = {
			isa = PBXGroup;
			children = (
				5A220ED4194117A100BDABCF /* DTTestVC.h */,
				5A220ED5194117A100BDABCF /* DTTestVC.m */,
				5A220ED6194117A100BDABCF /* DTTestVC.xib */,
			);
			name = DTTestVC;
			sourceTree = "<group>";
		};
		5A220EDA194117B200BDABCF /* Controllers */ = {
			isa = PBXGroup;
			children = (
				5A220ED9194117AB00BDABCF /* DTTestVC */,
				5A220EE2194119B100BDABCF /* DTNavigationController */,
				5A220ED11941123100BDABCF /* DTTabBarController */,
				5A220EEA19411E0F00BDABCF /* DTViewController */,
				5A220EF81941238100BDABCF /* DTFacebookLoginVC */,
			);
			name = Controllers;
			sourceTree = "<group>";
		};
		5A220EE2194119B100BDABCF /* DTNavigationController */ = {
			isa = PBXGroup;
			children = (
				5A220EDF194119AB00BDABCF /* DTNavigationController.h */,
				5A220EE0194119AB00BDABCF /* DTNavigationController.m */,
				5AA10C0019780BAC00AB995C /* DTExpenseEditorNavigationController */,
				5A6A9E0D1972CC4400A2E204 /* DTExpenseNavigationViewController */,
				5A975D76194C48BD00566A2A /* DTNewAccountNavigationController */,
			);
			name = DTNavigationController;
			path = ..;
			sourceTree = "<group>";
		};
		5A220EEA19411E0F00BDABCF /* DTViewController */ = {
			isa = PBXGroup;
			children = (
				5A220EE719411E0C00BDABCF /* DTViewController.h */,
				5A220EE819411E0C00BDABCF /* DTViewController.m */,
				5A1F752C1978692000AB580F /* DTShareTypeVC */,
				5A6A9E131972F7E400A2E204 /* DTCreateExpenseVC */,
				5A975DA1194DCF4B00566A2A /* DTCreateAccountVC */,
				5A40843319539962006146E5 /* DTCoreDataTableViewController */,
			);
			name = DTViewController;
			sourceTree = "<group>";
		};
		5A220EF81941238100BDABCF /* DTFacebookLoginVC */ = {
			isa = PBXGroup;
			children = (
				5A220EF31941237C00BDABCF /* DTFacebookLoginVC.h */,
				5A220EF41941237C00BDABCF /* DTFacebookLoginVC.m */,
				5A220EF51941237C00BDABCF /* DTFacebookLoginVC.xib */,
			);
			name = DTFacebookLoginVC;
			sourceTree = "<group>";
		};
		5A40843319539962006146E5 /* DTCoreDataTableViewController */ = {
			isa = PBXGroup;
			children = (
				5A40843419539962006146E5 /* DTCoreDataTableViewController.h */,
				5A40843519539962006146E5 /* DTCoreDataTableViewController.m */,
				5AFCD2EB19E5CB9E0085EF11 /* DTExpenseDetailsVC */,
				5A1F7521197868E400AB580F /* DTSharesEditorVC */,
				5A6A9E27197331D500A2E204 /* DTWhoPayedPickerVC */,
				5AD827181972C31100445E3E /* DTFriendsPickerVC */,
				5AD827121972C30200445E3E /* DTAccountsTableVC */,
				5AD827081972BF2F00445E3E /* DTAccountVC */,
			);
			name = DTCoreDataTableViewController;
			path = Controlers/DTViewController/DTCoreDataTableViewController;
			sourceTree = "<group>";
		};
		5A6345511975CA5D0059B065 /* DTShareCell */ = {
			isa = PBXGroup;
			children = (
				5A63454C1975CA460059B065 /* DTShareCell.h */,
				5A63454D1975CA460059B065 /* DTShareCell.m */,
				5A63454F1975CA560059B065 /* DTShareCell.xib */,
			);
			name = DTShareCell;
			sourceTree = "<group>";
		};
		5A6A9E0D1972CC4400A2E204 /* DTExpenseNavigationViewController */ = {
			isa = PBXGroup;
			children = (
				5A6A9E0A1972CC3900A2E204 /* DTExpenseNavigationViewController.h */,
				5A6A9E0B1972CC3900A2E204 /* DTExpenseNavigationViewController.m */,
			);
			name = DTExpenseNavigationViewController;
			sourceTree = "<group>";
		};
		5A6A9E131972F7E400A2E204 /* DTCreateExpenseVC */ = {
			isa = PBXGroup;
			children = (
				5A6A9E0E1972F7DE00A2E204 /* DTExpenseEditorVC.h */,
				5A6A9E0F1972F7DE00A2E204 /* DTExpenseEditorVC.m */,
				5A6A9E101972F7DE00A2E204 /* DTExpenseEditorVC.xib */,
			);
			name = DTCreateExpenseVC;
			sourceTree = "<group>";
		};
		5A6A9E1B197326B600A2E204 /* CollectionViewCells */ = {
			isa = PBXGroup;
			children = (
				5A6A9E181973262A00A2E204 /* DTCollectionViewCell.h */,
				5A6A9E191973262A00A2E204 /* DTCollectionViewCell.m */,
			);
			name = CollectionViewCells;
			sourceTree = "<group>";
		};
		5A6A9E27197331D500A2E204 /* DTWhoPayedPickerVC */ = {
			isa = PBXGroup;
			children = (
				5A6A9E22197331D100A2E204 /* DTWhoPayedPickerVC.h */,
				5A6A9E23197331D100A2E204 /* DTWhoPayedPickerVC.m */,
				5A6A9E24197331D100A2E204 /* DTWhoPayedPickerVC.xib */,
			);
			name = DTWhoPayedPickerVC;
			sourceTree = "<group>";
		};
		5A8714C8194E0EA800D2111F /* API */ = {
			isa = PBXGroup;
			children = (
				5A8714C9194E0EA800D2111F /* DTURLConnection.h */,
				5A8714CA194E0EA800D2111F /* DTURLConnection.m */,
				5A408430195382ED006146E5 /* DTBackendManager.h */,
				5A408431195382ED006146E5 /* DTBackendManager.m */,
				5A4E128219685F05002EEE82 /* DTFacebookManager.h */,
				5A4E128319685F05002EEE82 /* DTFacebookManager.m */,
			);
			path = API;
			sourceTree = "<group>";
		};
		5A975D76194C48BD00566A2A /* DTNewAccountNavigationController */ = {
			isa = PBXGroup;
			children = (
				5A975D73194C48B800566A2A /* DTNewAccountNavigationController.h */,
				5A975D74194C48B800566A2A /* DTNewAccountNavigationController.m */,
			);
			name = DTNewAccountNavigationController;
			sourceTree = "<group>";
		};
		5A975DA1194DCF4B00566A2A /* DTCreateAccountVC */ = {
			isa = PBXGroup;
			children = (
				5A975D9C194DCF4200566A2A /* DTCreateAccountVC.h */,
				5A975D9D194DCF4200566A2A /* DTCreateAccountVC.m */,
				5A975D9E194DCF4200566A2A /* DTCreateAccountVC.xib */,
			);
			name = DTCreateAccountVC;
			sourceTree = "<group>";
		};
		5AA10C0019780BAC00AB995C /* DTExpenseEditorNavigationController */ = {
			isa = PBXGroup;
			children = (
				5AA10C0119780BAC00AB995C /* DTExpenseEditorNavigationController.h */,
				5AA10C0219780BAC00AB995C /* DTExpenseEditorNavigationController.m */,
			);
			name = DTExpenseEditorNavigationController;
			path = Debty/Controlers/DTNavigationController/DTExpenseEditorNavigationController;
			sourceTree = "<group>";
		};
		5AA5E3D7196F3AAE0015A6B2 /* Generated */ = {
			isa = PBXGroup;
			children = (
				5AA5E3D8196F3AAE0015A6B2 /* debty.xcdatamodeld */,
				5AFCD30A19E6F4CC0085EF11 /* DTPerson.h */,
				5AFCD30B19E6F4CC0085EF11 /* DTPerson.m */,
				5AFCD30719E6F4CC0085EF11 /* DTExpense.h */,
				5AFCD30819E6F4CC0085EF11 /* DTExpense.m */,
				5AFCD30419E6F4CC0085EF11 /* DTAccount.h */,
				5AFCD30519E6F4CC0085EF11 /* DTAccount.m */,
				5AFCD30119E6F4CC0085EF11 /* DTShare.h */,
				5AFCD30219E6F4CC0085EF11 /* DTShare.m */,
			);
			name = Generated;
			path = Model/Generated;
			sourceTree = "<group>";
		};
		5AD827081972BF2F00445E3E /* DTAccountVC */ = {
			isa = PBXGroup;
			children = (
				5AD827031972BF2600445E3E /* DTAccountVC.h */,
				5AD827041972BF2600445E3E /* DTAccountVC.m */,
				5AD827051972BF2600445E3E /* DTAccountVC.xib */,
			);
			name = DTAccountVC;
			sourceTree = "<group>";
		};
		5AD8270F1972C2D600445E3E /* DTExpenseTableViewCell */ = {
			isa = PBXGroup;
			children = (
				5AD8270C1972C2CF00445E3E /* DTExpenseTableViewCell.h */,
				5AD8270D1972C2CF00445E3E /* DTExpenseTableViewCell.m */,
				5AD827101972C2EC00445E3E /* DTExpenseTableViewCell.xib */,
			);
			name = DTExpenseTableViewCell;
			sourceTree = "<group>";
		};
		5AD827121972C30200445E3E /* DTAccountsTableVC */ = {
			isa = PBXGroup;
			children = (
				5AD827131972C30200445E3E /* DTAccountsTableVC.h */,
				5AD827141972C30200445E3E /* DTAccountsTableVC.m */,
				5AD827151972C30200445E3E /* DTAccountsTableVC.xib */,
			);
			path = DTAccountsTableVC;
			sourceTree = "<group>";
		};
		5AD827181972C31100445E3E /* DTFriendsPickerVC */ = {
			isa = PBXGroup;
			children = (
				5AD827191972C31100445E3E /* DTFriendsPickerVC.h */,
				5AD8271A1972C31100445E3E /* DTFriendsPickerVC.m */,
				5AD8271B1972C31100445E3E /* DTFriendsPickerVC.xib */,
			);
			path = DTFriendsPickerVC;
			sourceTree = "<group>";
		};
		5AD8271E1972C32300445E3E /* DTAccountTableViewCell */ = {
			isa = PBXGroup;
			children = (
				5AD8271F1972C32300445E3E /* DTAccountTableViewCell.h */,
				5AD827201972C32300445E3E /* DTAccountTableViewCell.m */,
				5AD827211972C32300445E3E /* DTAccountTableViewCell.xib */,
			);
			name = DTAccountTableViewCell;
			path = Views/TableViewCells/DTAccountTableViewCell;
			sourceTree = "<group>";
		};
		5AFCD2EB19E5CB9E0085EF11 /* DTExpenseDetailsVC */ = {
			isa = PBXGroup;
			children = (
				5AFCD2E619E5CB960085EF11 /* DTExpenseDetailsVC.h */,
				5AFCD2E719E5CB960085EF11 /* DTExpenseDetailsVC.m */,
				5AFCD2F819E5D7A90085EF11 /* DTExpenseDetailsVC.xib */,
			);
			name = DTExpenseDetailsVC;
			sourceTree = "<group>";
		};
/* End PBXGroup section */

/* Begin PBXNativeTarget section */
		5A220E951941103100BDABCF /* Debty */ = {
			isa = PBXNativeTarget;
			buildConfigurationList = 5A220EC81941103100BDABCF /* Build configuration list for PBXNativeTarget "Debty" */;
			buildPhases = (
				DAE8353D16BB47D2A7A9209B /* Check Pods Manifest.lock */,
				5A220E921941103100BDABCF /* Sources */,
				5A220E931941103100BDABCF /* Frameworks */,
				5A220E941941103100BDABCF /* Resources */,
				EA11E6E0E0AA484C84C03D8B /* Copy Pods Resources */,
			);
			buildRules = (
			);
			dependencies = (
			);
			name = Debty;
			productName = Debty;
			productReference = 5A220E961941103100BDABCF /* Debty.app */;
			productType = "com.apple.product-type.application";
		};
		5A220EB61941103100BDABCF /* DebtyTests */ = {
			isa = PBXNativeTarget;
			buildConfigurationList = 5A220ECB1941103100BDABCF /* Build configuration list for PBXNativeTarget "DebtyTests" */;
			buildPhases = (
				5A220EB31941103100BDABCF /* Sources */,
				5A220EB41941103100BDABCF /* Frameworks */,
				5A220EB51941103100BDABCF /* Resources */,
			);
			buildRules = (
			);
			dependencies = (
				5A220EBD1941103100BDABCF /* PBXTargetDependency */,
			);
			name = DebtyTests;
			productName = DebtyTests;
			productReference = 5A220EB71941103100BDABCF /* DebtyTests.xctest */;
			productType = "com.apple.product-type.bundle.unit-test";
		};
/* End PBXNativeTarget section */

/* Begin PBXProject section */
		5A220E8E1941103100BDABCF /* Project object */ = {
			isa = PBXProject;
			attributes = {
				CLASSPREFIX = DT;
				LastUpgradeCheck = 0510;
				ORGANIZATIONNAME = Debty;
				TargetAttributes = {
					5A220EB61941103100BDABCF = {
						TestTargetID = 5A220E951941103100BDABCF;
					};
				};
			};
			buildConfigurationList = 5A220E911941103100BDABCF /* Build configuration list for PBXProject "Debty" */;
			compatibilityVersion = "Xcode 3.2";
			developmentRegion = English;
			hasScannedForEncodings = 0;
			knownRegions = (
				en,
				Base,
			);
			mainGroup = 5A220E8D1941103100BDABCF;
			productRefGroup = 5A220E971941103100BDABCF /* Products */;
			projectDirPath = "";
			projectRoot = "";
			targets = (
				5A220E951941103100BDABCF /* Debty */,
				5A220EB61941103100BDABCF /* DebtyTests */,
			);
		};
/* End PBXProject section */

/* Begin PBXResourcesBuildPhase section */
		5A220E941941103100BDABCF /* Resources */ = {
			isa = PBXResourcesBuildPhase;
			buildActionMask = 2147483647;
			files = (
				5AD827111972C2EC00445E3E /* DTExpenseTableViewCell.xib in Resources */,
				5A1F7526197868E400AB580F /* DTSharesEditorVC.xib in Resources */,
				5AD8271D1972C31100445E3E /* DTFriendsPickerVC.xib in Resources */,
				5A975DA0194DCF4200566A2A /* DTCreateAccountVC.xib in Resources */,
				5A220ED8194117A100BDABCF /* DTTestVC.xib in Resources */,
				5AFCD2F919E5D7A90085EF11 /* DTExpenseDetailsVC.xib in Resources */,
				5AD827071972BF2600445E3E /* DTAccountVC.xib in Resources */,
				5AD827231972C32300445E3E /* DTAccountTableViewCell.xib in Resources */,
				5A1F752B1978691C00AB580F /* DTShareTypeVC.xib in Resources */,
				5A220EB21941103100BDABCF /* Images.xcassets in Resources */,
				5A6A9E26197331D100A2E204 /* DTWhoPayedPickerVC.xib in Resources */,
				5A220EF71941237C00BDABCF /* DTFacebookLoginVC.xib in Resources */,
				5AD827171972C30200445E3E /* DTAccountsTableVC.xib in Resources */,
				5A6345501975CA560059B065 /* DTShareCell.xib in Resources */,
				5A220EA41941103100BDABCF /* InfoPlist.strings in Resources */,
				5A6A9E121972F7DE00A2E204 /* DTExpenseEditorVC.xib in Resources */,
			);
			runOnlyForDeploymentPostprocessing = 0;
		};
		5A220EB51941103100BDABCF /* Resources */ = {
			isa = PBXResourcesBuildPhase;
			buildActionMask = 2147483647;
			files = (
				5A220EC31941103100BDABCF /* InfoPlist.strings in Resources */,
			);
			runOnlyForDeploymentPostprocessing = 0;
		};
/* End PBXResourcesBuildPhase section */

/* Begin PBXShellScriptBuildPhase section */
		DAE8353D16BB47D2A7A9209B /* Check Pods Manifest.lock */ = {
			isa = PBXShellScriptBuildPhase;
			buildActionMask = 2147483647;
			files = (
			);
			inputPaths = (
			);
			name = "Check Pods Manifest.lock";
			outputPaths = (
			);
			runOnlyForDeploymentPostprocessing = 0;
			shellPath = /bin/sh;
			shellScript = "diff \"${PODS_ROOT}/../Podfile.lock\" \"${PODS_ROOT}/Manifest.lock\" > /dev/null\nif [[ $? != 0 ]] ; then\n    cat << EOM\nerror: The sandbox is not in sync with the Podfile.lock. Run 'pod install' or update your CocoaPods installation.\nEOM\n    exit 1\nfi\n";
			showEnvVarsInLog = 0;
		};
		EA11E6E0E0AA484C84C03D8B /* Copy Pods Resources */ = {
			isa = PBXShellScriptBuildPhase;
			buildActionMask = 2147483647;
			files = (
			);
			inputPaths = (
			);
			name = "Copy Pods Resources";
			outputPaths = (
			);
			runOnlyForDeploymentPostprocessing = 0;
			shellPath = /bin/sh;
			shellScript = "\"${SRCROOT}/Pods/Pods-resources.sh\"\n";
			showEnvVarsInLog = 0;
		};
/* End PBXShellScriptBuildPhase section */

/* Begin PBXSourcesBuildPhase section */
		5A220E921941103100BDABCF /* Sources */ = {
			isa = PBXSourcesBuildPhase;
			buildActionMask = 2147483647;
			files = (
				5A408432195382ED006146E5 /* DTBackendManager.m in Sources */,
				5A63454E1975CA460059B065 /* DTShareCell.m in Sources */,
				5AD827161972C30200445E3E /* DTAccountsTableVC.m in Sources */,
				5AD827221972C32300445E3E /* DTAccountTableViewCell.m in Sources */,
				5AD827061972BF2600445E3E /* DTAccountVC.m in Sources */,
				5A975D75194C48B800566A2A /* DTNewAccountNavigationController.m in Sources */,
				5A6A9E1A1973262A00A2E204 /* DTCollectionViewCell.m in Sources */,
				5A12DF9B194B7EC9006E942F /* DTTableViewCell.m in Sources */,
				5A6A9E25197331D100A2E204 /* DTWhoPayedPickerVC.m in Sources */,
				5AFCD2FD19E69FB20085EF11 /* DTExpenseCache.m in Sources */,
				5A8570B61955EDC600A517BD /* DTExpense+Serializer.m in Sources */,
				5A6A9E111972F7DE00A2E204 /* DTExpenseEditorVC.m in Sources */,
				5A1F7525197868E400AB580F /* DTSharesEditorVC.m in Sources */,
				5A975DA4194DD0B600566A2A /* DTPerson+Serializer.m in Sources */,
				5A8714C5194E0C7900D2111F /* DTModelManager.m in Sources */,
				5AFCD30619E6F4CC0085EF11 /* DTAccount.m in Sources */,
				5AD8270219717EA300445E3E /* DTPerson+Helpers.m in Sources */,
				5A6A9E0C1972CC3900A2E204 /* DTExpenseNavigationViewController.m in Sources */,
				5A8570BC1955F33600A517BD /* DTShare+Serializer.m in Sources */,
				5AA5E3E2196F3AAE0015A6B2 /* debty.xcdatamodeld in Sources */,
				5AD827291972C68500445E3E /* DTShare+Helpers.m in Sources */,
				5A220EE919411E0C00BDABCF /* DTViewController.m in Sources */,
				5AD8271C1972C31100445E3E /* DTFriendsPickerVC.m in Sources */,
				5A4E128419685F05002EEE82 /* DTFacebookManager.m in Sources */,
				5AD8270E1972C2CF00445E3E /* DTExpenseTableViewCell.m in Sources */,
				5A220ED01941122A00BDABCF /* DTTabBarController.m in Sources */,
				5AD826FC197015D000445E3E /* DTAccount+Helpers.m in Sources */,
				5A40843619539962006146E5 /* DTCoreDataTableViewController.m in Sources */,
				5A8714CB194E0EA800D2111F /* DTURLConnection.m in Sources */,
				5AFCD2E919E5CB960085EF11 /* DTExpenseDetailsVC.m in Sources */,
				5AFCD30C19E6F4CC0085EF11 /* DTPerson.m in Sources */,
				5A220EF61941237C00BDABCF /* DTFacebookLoginVC.m in Sources */,
				5AA10C0319780BAC00AB995C /* DTExpenseEditorNavigationController.m in Sources */,
				5A1FE28819696F8A0097EAA2 /* DTInstallation.m in Sources */,
				5A220EAA1941103100BDABCF /* DTAppDelegate.m in Sources */,
				5A1F752A1978691C00AB580F /* DTShareTypeVC.m in Sources */,
				5AD827261972C67100445E3E /* DTExpense+Helpers.m in Sources */,
				5A12DFAC194B8EB1006E942F /* DTGroupPictureView.m in Sources */,
				5A975D9F194DCF4200566A2A /* DTCreateAccountVC.m in Sources */,
				5A220EE1194119AB00BDABCF /* DTNavigationController.m in Sources */,
				5A2F5D551955EB0D00337637 /* DTAccount+Serializer.m in Sources */,
				5A220ED7194117A100BDABCF /* DTTestVC.m in Sources */,
				5AFCD30319E6F4CC0085EF11 /* DTShare.m in Sources */,
				5A220EA61941103100BDABCF /* main.m in Sources */,
				5AFCD30019E6D2720085EF11 /* DTOperationManager.m in Sources */,
				5AFCD30919E6F4CC0085EF11 /* DTExpense.m in Sources */,
			);
			runOnlyForDeploymentPostprocessing = 0;
		};
		5A220EB31941103100BDABCF /* Sources */ = {
			isa = PBXSourcesBuildPhase;
			buildActionMask = 2147483647;
			files = (
				5A220EC51941103100BDABCF /* DebtyTests.m in Sources */,
			);
			runOnlyForDeploymentPostprocessing = 0;
		};
/* End PBXSourcesBuildPhase section */

/* Begin PBXTargetDependency section */
		5A220EBD1941103100BDABCF /* PBXTargetDependency */ = {
			isa = PBXTargetDependency;
			target = 5A220E951941103100BDABCF /* Debty */;
			targetProxy = 5A220EBC1941103100BDABCF /* PBXContainerItemProxy */;
		};
/* End PBXTargetDependency section */

/* Begin PBXVariantGroup section */
		5A220EA21941103100BDABCF /* InfoPlist.strings */ = {
			isa = PBXVariantGroup;
			children = (
				5A220EA31941103100BDABCF /* en */,
			);
			name = InfoPlist.strings;
			sourceTree = "<group>";
		};
		5A220EC11941103100BDABCF /* InfoPlist.strings */ = {
			isa = PBXVariantGroup;
			children = (
				5A220EC21941103100BDABCF /* en */,
			);
			name = InfoPlist.strings;
			sourceTree = "<group>";
		};
/* End PBXVariantGroup section */

/* Begin XCBuildConfiguration section */
		5A220EC61941103100BDABCF /* Debug */ = {
			isa = XCBuildConfiguration;
			buildSettings = {
				ALWAYS_SEARCH_USER_PATHS = NO;
				CLANG_CXX_LANGUAGE_STANDARD = "gnu++0x";
				CLANG_CXX_LIBRARY = "libc++";
				CLANG_ENABLE_MODULES = YES;
				CLANG_ENABLE_OBJC_ARC = YES;
				CLANG_WARN_BOOL_CONVERSION = YES;
				CLANG_WARN_CONSTANT_CONVERSION = YES;
				CLANG_WARN_DIRECT_OBJC_ISA_USAGE = YES_ERROR;
				CLANG_WARN_EMPTY_BODY = YES;
				CLANG_WARN_ENUM_CONVERSION = YES;
				CLANG_WARN_INT_CONVERSION = YES;
				CLANG_WARN_OBJC_ROOT_CLASS = YES_ERROR;
				CLANG_WARN__DUPLICATE_METHOD_MATCH = YES;
				"CODE_SIGN_IDENTITY[sdk=iphoneos*]" = "iPhone Developer";
				COPY_PHASE_STRIP = NO;
				GCC_C_LANGUAGE_STANDARD = gnu99;
				GCC_DYNAMIC_NO_PIC = NO;
				GCC_OPTIMIZATION_LEVEL = 0;
				GCC_PREPROCESSOR_DEFINITIONS = (
					"DEBUG=1",
					"$(inherited)",
				);
				GCC_SYMBOLS_PRIVATE_EXTERN = NO;
				GCC_WARN_64_TO_32_BIT_CONVERSION = YES;
				GCC_WARN_ABOUT_RETURN_TYPE = YES_ERROR;
				GCC_WARN_UNDECLARED_SELECTOR = YES;
				GCC_WARN_UNINITIALIZED_AUTOS = YES_AGGRESSIVE;
				GCC_WARN_UNUSED_FUNCTION = YES;
				GCC_WARN_UNUSED_VARIABLE = YES;
				IPHONEOS_DEPLOYMENT_TARGET = 7.1;
				ONLY_ACTIVE_ARCH = YES;
				SDKROOT = iphoneos;
			};
			name = Debug;
		};
		5A220EC71941103100BDABCF /* Release */ = {
			isa = XCBuildConfiguration;
			buildSettings = {
				ALWAYS_SEARCH_USER_PATHS = NO;
				CLANG_CXX_LANGUAGE_STANDARD = "gnu++0x";
				CLANG_CXX_LIBRARY = "libc++";
				CLANG_ENABLE_MODULES = YES;
				CLANG_ENABLE_OBJC_ARC = YES;
				CLANG_WARN_BOOL_CONVERSION = YES;
				CLANG_WARN_CONSTANT_CONVERSION = YES;
				CLANG_WARN_DIRECT_OBJC_ISA_USAGE = YES_ERROR;
				CLANG_WARN_EMPTY_BODY = YES;
				CLANG_WARN_ENUM_CONVERSION = YES;
				CLANG_WARN_INT_CONVERSION = YES;
				CLANG_WARN_OBJC_ROOT_CLASS = YES_ERROR;
				CLANG_WARN__DUPLICATE_METHOD_MATCH = YES;
				"CODE_SIGN_IDENTITY[sdk=iphoneos*]" = "iPhone Developer";
				COPY_PHASE_STRIP = YES;
				ENABLE_NS_ASSERTIONS = NO;
				GCC_C_LANGUAGE_STANDARD = gnu99;
				GCC_WARN_64_TO_32_BIT_CONVERSION = YES;
				GCC_WARN_ABOUT_RETURN_TYPE = YES_ERROR;
				GCC_WARN_UNDECLARED_SELECTOR = YES;
				GCC_WARN_UNINITIALIZED_AUTOS = YES_AGGRESSIVE;
				GCC_WARN_UNUSED_FUNCTION = YES;
				GCC_WARN_UNUSED_VARIABLE = YES;
				IPHONEOS_DEPLOYMENT_TARGET = 7.1;
				SDKROOT = iphoneos;
				VALIDATE_PRODUCT = YES;
			};
			name = Release;
		};
		5A220EC91941103100BDABCF /* Debug */ = {
			isa = XCBuildConfiguration;
			baseConfigurationReference = 3C974BA7076740C7A8C15FAB /* Pods.xcconfig */;
			buildSettings = {
				ASSETCATALOG_COMPILER_APPICON_NAME = AppIcon;
				ASSETCATALOG_COMPILER_LAUNCHIMAGE_NAME = LaunchImage;
				CODE_SIGN_IDENTITY = "iPhone Developer";
				FRAMEWORK_SEARCH_PATHS = (
					"$(inherited)",
					/Users/tanguyhelesbeux/Documents/FacebookSDK,
				);
				GCC_PRECOMPILE_PREFIX_HEADER = YES;
				GCC_PREFIX_HEADER = "Debty/Debty-Prefix.pch";
				INFOPLIST_FILE = "Debty/Debty-Info.plist";
				IPHONEOS_DEPLOYMENT_TARGET = 7.0;
				PRODUCT_NAME = "$(TARGET_NAME)";
				WRAPPER_EXTENSION = app;
			};
			name = Debug;
		};
		5A220ECA1941103100BDABCF /* Release */ = {
			isa = XCBuildConfiguration;
			baseConfigurationReference = 3C974BA7076740C7A8C15FAB /* Pods.xcconfig */;
			buildSettings = {
				ASSETCATALOG_COMPILER_APPICON_NAME = AppIcon;
				ASSETCATALOG_COMPILER_LAUNCHIMAGE_NAME = LaunchImage;
				CODE_SIGN_IDENTITY = "iPhone Developer";
				FRAMEWORK_SEARCH_PATHS = (
					"$(inherited)",
					/Users/tanguyhelesbeux/Documents/FacebookSDK,
				);
				GCC_PRECOMPILE_PREFIX_HEADER = YES;
				GCC_PREFIX_HEADER = "Debty/Debty-Prefix.pch";
				INFOPLIST_FILE = "Debty/Debty-Info.plist";
				IPHONEOS_DEPLOYMENT_TARGET = 7.0;
				PRODUCT_NAME = "$(TARGET_NAME)";
				WRAPPER_EXTENSION = app;
			};
			name = Release;
		};
		5A220ECC1941103100BDABCF /* Debug */ = {
			isa = XCBuildConfiguration;
			buildSettings = {
				BUNDLE_LOADER = "$(BUILT_PRODUCTS_DIR)/Debty.app/Debty";
				FRAMEWORK_SEARCH_PATHS = (
					"$(SDKROOT)/Developer/Library/Frameworks",
					"$(inherited)",
					"$(DEVELOPER_FRAMEWORKS_DIR)",
				);
				GCC_PRECOMPILE_PREFIX_HEADER = YES;
				GCC_PREFIX_HEADER = "Debty/Debty-Prefix.pch";
				GCC_PREPROCESSOR_DEFINITIONS = (
					"DEBUG=1",
					"$(inherited)",
				);
				INFOPLIST_FILE = "DebtyTests/DebtyTests-Info.plist";
				PRODUCT_NAME = "$(TARGET_NAME)";
				TEST_HOST = "$(BUNDLE_LOADER)";
				WRAPPER_EXTENSION = xctest;
			};
			name = Debug;
		};
		5A220ECD1941103100BDABCF /* Release */ = {
			isa = XCBuildConfiguration;
			buildSettings = {
				BUNDLE_LOADER = "$(BUILT_PRODUCTS_DIR)/Debty.app/Debty";
				FRAMEWORK_SEARCH_PATHS = (
					"$(SDKROOT)/Developer/Library/Frameworks",
					"$(inherited)",
					"$(DEVELOPER_FRAMEWORKS_DIR)",
				);
				GCC_PRECOMPILE_PREFIX_HEADER = YES;
				GCC_PREFIX_HEADER = "Debty/Debty-Prefix.pch";
				INFOPLIST_FILE = "DebtyTests/DebtyTests-Info.plist";
				PRODUCT_NAME = "$(TARGET_NAME)";
				TEST_HOST = "$(BUNDLE_LOADER)";
				WRAPPER_EXTENSION = xctest;
			};
			name = Release;
		};
/* End XCBuildConfiguration section */

/* Begin XCConfigurationList section */
		5A220E911941103100BDABCF /* Build configuration list for PBXProject "Debty" */ = {
			isa = XCConfigurationList;
			buildConfigurations = (
				5A220EC61941103100BDABCF /* Debug */,
				5A220EC71941103100BDABCF /* Release */,
			);
			defaultConfigurationIsVisible = 0;
			defaultConfigurationName = Release;
		};
		5A220EC81941103100BDABCF /* Build configuration list for PBXNativeTarget "Debty" */ = {
			isa = XCConfigurationList;
			buildConfigurations = (
				5A220EC91941103100BDABCF /* Debug */,
				5A220ECA1941103100BDABCF /* Release */,
			);
			defaultConfigurationIsVisible = 0;
			defaultConfigurationName = Release;
		};
		5A220ECB1941103100BDABCF /* Build configuration list for PBXNativeTarget "DebtyTests" */ = {
			isa = XCConfigurationList;
			buildConfigurations = (
				5A220ECC1941103100BDABCF /* Debug */,
				5A220ECD1941103100BDABCF /* Release */,
			);
			defaultConfigurationIsVisible = 0;
			defaultConfigurationName = Release;
		};
/* End XCConfigurationList section */

/* Begin XCVersionGroup section */
		5AA5E3D8196F3AAE0015A6B2 /* debty.xcdatamodeld */ = {
			isa = XCVersionGroup;
			children = (
				5AA5E3D9196F3AAE0015A6B2 /* debty.xcdatamodel */,
			);
			currentVersion = 5AA5E3D9196F3AAE0015A6B2 /* debty.xcdatamodel */;
			path = debty.xcdatamodeld;
			sourceTree = "<group>";
			versionGroupType = wrapper.xcdatamodel;
		};
/* End XCVersionGroup section */
	};
	rootObject = 5A220E8E1941103100BDABCF /* Project object */;
}
